
Microsoft Visual Studio Solution File, Format Version 12.00
# Visual Studio 15
VisualStudioVersion = 15.0.28307.902
MinimumVisualStudioVersion = 10.0.40219.1
Project("{8BC9CEB8-8B4A-11D0-8D11-00A0C91BC942}") = "aaah", "aaah\aaah.vcxproj", "{0BF1A8C2-772E-4AE0-8C88-E9BA9963199B}"
EndProject
Global
	GlobalSection(SolutionConfigurationPlatforms) = preSolution
		Debug|x64 = Debug|x64
		Debug|x86 = Debug|x86
		Release|x64 = Release|x64
		Release|x86 = Release|x86
	EndGlobalSection
	GlobalSection(ProjectConfigurationPlatforms) = postSolution
		{0BF1A8C2-772E-4AE0-8C88-E9BA9963199B}.Debug|x64.ActiveCfg = Debug|x64
		{0BF1A8C2-772E-4AE0-8C88-E9BA9963199B}.Debug|x64.Build.0 = Debug|x64
		{0BF1A8C2-772E-4AE0-8C88-E9BA9963199B}.Debug|x86.ActiveCfg = Debug|Win32
		{0BF1A8C2-772E-4AE0-8C88-E9BA9963199B}.Debug|x86.Build.0 = Debug|Win32
		{0BF1A8C2-772E-4AE0-8C88-E9BA9963199B}.Release|x64.ActiveCfg = Release|x64
		{0BF1A8C2-772E-4AE0-8C88-E9BA9963199B}.Release|x64.Build.0 = Release|x64
		{0BF1A8C2-772E-4AE0-8C88-E9BA9963199B}.Release|x86.ActiveCfg = Release|Win32
		{0BF1A8C2-772E-4AE0-8C88-E9BA9963199B}.Release|x86.Build.0 = Release|Win32
	EndGlobalSection
	GlobalSection(SolutionProperties) = preSolution
		HideSolutionNode = FALSE
	EndGlobalSection
	GlobalSection(ExtensibilityGlobals) = postSolution
		SolutionGuid = {F41C9521-4535-4C83-AB0A-4DFC37523708}
	EndGlobalSection
EndGlobal
